// !$*UTF8*$!
{
	archiveVersion = 1;
	classes = {
	};
	objectVersion = 55;
	objects = {

/* Begin PBXBuildFile section */
		7A5CB8B029D6E00100DD9C3B /* ParkingSideApp.swift in Sources */ = {isa = PBXBuildFile; fileRef = 7A5CB8AF29D6E00100DD9C3B /* ParkingSideApp.swift */; };
		7A5CB8B229D6E00100DD9C3B /* ContentView.swift in Sources */ = {isa = PBXBuildFile; fileRef = 7A5CB8B129D6E00100DD9C3B /* ContentView.swift */; };
		7A5CB8B429D6E00400DD9C3B /* Assets.xcassets in Resources */ = {isa = PBXBuildFile; fileRef = 7A5CB8B329D6E00400DD9C3B /* Assets.xcassets */; };
		7A5CB8B729D6E00400DD9C3B /* Preview Assets.xcassets in Resources */ = {isa = PBXBuildFile; fileRef = 7A5CB8B629D6E00400DD9C3B /* Preview Assets.xcassets */; };
		7A86BFF129D7315E0025ACCD /* WidgetKit.framework in Frameworks */ = {isa = PBXBuildFile; fileRef = 7A86BFF029D7315E0025ACCD /* WidgetKit.framework */; };
		7A86BFF329D7315E0025ACCD /* SwiftUI.framework in Frameworks */ = {isa = PBXBuildFile; fileRef = 7A86BFF229D7315E0025ACCD /* SwiftUI.framework */; };
		7A86BFF629D7315E0025ACCD /* ParkingSideWidget.swift in Sources */ = {isa = PBXBuildFile; fileRef = 7A86BFF529D7315E0025ACCD /* ParkingSideWidget.swift */; };
		7A86BFF929D731600025ACCD /* Assets.xcassets in Resources */ = {isa = PBXBuildFile; fileRef = 7A86BFF829D731600025ACCD /* Assets.xcassets */; };
		7A86BFFB29D731600025ACCD /* ParkingSideWidget.intentdefinition in Sources */ = {isa = PBXBuildFile; fileRef = 7A86BFF729D7315E0025ACCD /* ParkingSideWidget.intentdefinition */; };
		7A86BFFC29D731600025ACCD /* ParkingSideWidget.intentdefinition in Sources */ = {isa = PBXBuildFile; fileRef = 7A86BFF729D7315E0025ACCD /* ParkingSideWidget.intentdefinition */; };
		7A86BFFF29D731600025ACCD /* ParkingSideWidgetExtension.appex in Embed App Extensions */ = {isa = PBXBuildFile; fileRef = 7A86BFEE29D7315E0025ACCD /* ParkingSideWidgetExtension.appex */; settings = {ATTRIBUTES = (RemoveHeadersOnCopy, ); }; };
/* End PBXBuildFile section */

/* Begin PBXContainerItemProxy section */
		7A86BFFD29D731600025ACCD /* PBXContainerItemProxy */ = {
			isa = PBXContainerItemProxy;
			containerPortal = 7A5CB8A429D6E00100DD9C3B /* Project object */;
			proxyType = 1;
			remoteGlobalIDString = 7A86BFED29D7315E0025ACCD;
			remoteInfo = ParkingSideWidgetExtension;
		};
/* End PBXContainerItemProxy section */

/* Begin PBXCopyFilesBuildPhase section */
		7A86C00329D731600025ACCD /* Embed App Extensions */ = {
			isa = PBXCopyFilesBuildPhase;
			buildActionMask = 2147483647;
			dstPath = "";
			dstSubfolderSpec = 13;
			files = (
				7A86BFFF29D731600025ACCD /* ParkingSideWidgetExtension.appex in Embed App Extensions */,
			);
			name = "Embed App Extensions";
			runOnlyForDeploymentPostprocessing = 0;
		};
/* End PBXCopyFilesBuildPhase section */

/* Begin PBXFileReference section */
		7A5CB8AC29D6E00100DD9C3B /* ParkingSide.app */ = {isa = PBXFileReference; explicitFileType = wrapper.application; includeInIndex = 0; path = ParkingSide.app; sourceTree = BUILT_PRODUCTS_DIR; };
		7A5CB8AF29D6E00100DD9C3B /* ParkingSideApp.swift */ = {isa = PBXFileReference; lastKnownFileType = sourcecode.swift; path = ParkingSideApp.swift; sourceTree = "<group>"; };
		7A5CB8B129D6E00100DD9C3B /* ContentView.swift */ = {isa = PBXFileReference; lastKnownFileType = sourcecode.swift; path = ContentView.swift; sourceTree = "<group>"; };
		7A5CB8B329D6E00400DD9C3B /* Assets.xcassets */ = {isa = PBXFileReference; lastKnownFileType = folder.assetcatalog; path = Assets.xcassets; sourceTree = "<group>"; };
		7A5CB8B629D6E00400DD9C3B /* Preview Assets.xcassets */ = {isa = PBXFileReference; lastKnownFileType = folder.assetcatalog; path = "Preview Assets.xcassets"; sourceTree = "<group>"; };
		7A86BFEE29D7315E0025ACCD /* ParkingSideWidgetExtension.appex */ = {isa = PBXFileReference; explicitFileType = "wrapper.app-extension"; includeInIndex = 0; path = ParkingSideWidgetExtension.appex; sourceTree = BUILT_PRODUCTS_DIR; };
		7A86BFF029D7315E0025ACCD /* WidgetKit.framework */ = {isa = PBXFileReference; lastKnownFileType = wrapper.framework; name = WidgetKit.framework; path = System/Library/Frameworks/WidgetKit.framework; sourceTree = SDKROOT; };
		7A86BFF229D7315E0025ACCD /* SwiftUI.framework */ = {isa = PBXFileReference; lastKnownFileType = wrapper.framework; name = SwiftUI.framework; path = System/Library/Frameworks/SwiftUI.framework; sourceTree = SDKROOT; };
		7A86BFF529D7315E0025ACCD /* ParkingSideWidget.swift */ = {isa = PBXFileReference; lastKnownFileType = sourcecode.swift; path = ParkingSideWidget.swift; sourceTree = "<group>"; };
		7A86BFF729D7315E0025ACCD /* ParkingSideWidget.intentdefinition */ = {isa = PBXFileReference; lastKnownFileType = file.intentdefinition; path = ParkingSideWidget.intentdefinition; sourceTree = "<group>"; };
		7A86BFF829D731600025ACCD /* Assets.xcassets */ = {isa = PBXFileReference; lastKnownFileType = folder.assetcatalog; path = Assets.xcassets; sourceTree = "<group>"; };
		7A86BFFA29D731600025ACCD /* Info.plist */ = {isa = PBXFileReference; lastKnownFileType = text.plist.xml; path = Info.plist; sourceTree = "<group>"; };
/* End PBXFileReference section */

/* Begin PBXFrameworksBuildPhase section */
		7A5CB8A929D6E00100DD9C3B /* Frameworks */ = {
			isa = PBXFrameworksBuildPhase;
			buildActionMask = 2147483647;
			files = (
			);
			runOnlyForDeploymentPostprocessing = 0;
		};
		7A86BFEB29D7315E0025ACCD /* Frameworks */ = {
			isa = PBXFrameworksBuildPhase;
			buildActionMask = 2147483647;
			files = (
				7A86BFF329D7315E0025ACCD /* SwiftUI.framework in Frameworks */,
				7A86BFF129D7315E0025ACCD /* WidgetKit.framework in Frameworks */,
			);
			runOnlyForDeploymentPostprocessing = 0;
		};
/* End PBXFrameworksBuildPhase section */

/* Begin PBXGroup section */
		7A5CB8A329D6E00100DD9C3B = {
			isa = PBXGroup;
			children = (
				7A5CB8AE29D6E00100DD9C3B /* ParkingSide */,
				7A86BFF429D7315E0025ACCD /* ParkingSideWidget */,
				7A86BFEF29D7315E0025ACCD /* Frameworks */,
				7A5CB8AD29D6E00100DD9C3B /* Products */,
			);
			sourceTree = "<group>";
		};
		7A5CB8AD29D6E00100DD9C3B /* Products */ = {
			isa = PBXGroup;
			children = (
				7A5CB8AC29D6E00100DD9C3B /* ParkingSide.app */,
				7A86BFEE29D7315E0025ACCD /* ParkingSideWidgetExtension.appex */,
			);
			name = Products;
			sourceTree = "<group>";
		};
		7A5CB8AE29D6E00100DD9C3B /* ParkingSide */ = {
			isa = PBXGroup;
			children = (
				7A5CB8AF29D6E00100DD9C3B /* ParkingSideApp.swift */,
				7A5CB8B129D6E00100DD9C3B /* ContentView.swift */,
				7A5CB8B329D6E00400DD9C3B /* Assets.xcassets */,
				7A5CB8B529D6E00400DD9C3B /* Preview Content */,
			);
			path = ParkingSide;
			sourceTree = "<group>";
		};
		7A5CB8B529D6E00400DD9C3B /* Preview Content */ = {
			isa = PBXGroup;
			children = (
				7A5CB8B629D6E00400DD9C3B /* Preview Assets.xcassets */,
			);
			path = "Preview Content";
			sourceTree = "<group>";
		};
		7A86BFEF29D7315E0025ACCD /* Frameworks */ = {
			isa = PBXGroup;
			children = (
				7A86BFF029D7315E0025ACCD /* WidgetKit.framework */,
				7A86BFF229D7315E0025ACCD /* SwiftUI.framework */,
			);
			name = Frameworks;
			sourceTree = "<group>";
		};
		7A86BFF429D7315E0025ACCD /* ParkingSideWidget */ = {
			isa = PBXGroup;
			children = (
				7A86BFF529D7315E0025ACCD /* ParkingSideWidget.swift */,
				7A86BFF729D7315E0025ACCD /* ParkingSideWidget.intentdefinition */,
				7A86BFF829D731600025ACCD /* Assets.xcassets */,
				7A86BFFA29D731600025ACCD /* Info.plist */,
			);
			path = ParkingSideWidget;
			sourceTree = "<group>";
		};
/* End PBXGroup section */

/* Begin PBXNativeTarget section */
		7A5CB8AB29D6E00100DD9C3B /* ParkingSide */ = {
			isa = PBXNativeTarget;
			buildConfigurationList = 7A5CB8BA29D6E00400DD9C3B /* Build configuration list for PBXNativeTarget "ParkingSide" */;
			buildPhases = (
				7A5CB8A829D6E00100DD9C3B /* Sources */,
				7A5CB8A929D6E00100DD9C3B /* Frameworks */,
				7A5CB8AA29D6E00100DD9C3B /* Resources */,
				7A86C00329D731600025ACCD /* Embed App Extensions */,
			);
			buildRules = (
			);
			dependencies = (
				7A86BFFE29D731600025ACCD /* PBXTargetDependency */,
			);
			name = ParkingSide;
			productName = ParkingSide;
			productReference = 7A5CB8AC29D6E00100DD9C3B /* ParkingSide.app */;
			productType = "com.apple.product-type.application";
		};
		7A86BFED29D7315E0025ACCD /* ParkingSideWidgetExtension */ = {
			isa = PBXNativeTarget;
			buildConfigurationList = 7A86C00029D731600025ACCD /* Build configuration list for PBXNativeTarget "ParkingSideWidgetExtension" */;
			buildPhases = (
				7A86BFEA29D7315E0025ACCD /* Sources */,
				7A86BFEB29D7315E0025ACCD /* Frameworks */,
				7A86BFEC29D7315E0025ACCD /* Resources */,
			);
			buildRules = (
			);
			dependencies = (
			);
			name = ParkingSideWidgetExtension;
			productName = ParkingSideWidgetExtension;
			productReference = 7A86BFEE29D7315E0025ACCD /* ParkingSideWidgetExtension.appex */;
			productType = "com.apple.product-type.app-extension";
		};
/* End PBXNativeTarget section */

/* Begin PBXProject section */
		7A5CB8A429D6E00100DD9C3B /* Project object */ = {
			isa = PBXProject;
			attributes = {
				BuildIndependentTargetsInParallel = 1;
				LastSwiftUpdateCheck = 1340;
				LastUpgradeCheck = 1340;
				TargetAttributes = {
					7A5CB8AB29D6E00100DD9C3B = {
						CreatedOnToolsVersion = 13.4.1;
					};
					7A86BFED29D7315E0025ACCD = {
						CreatedOnToolsVersion = 13.4.1;
					};
				};
			};
			buildConfigurationList = 7A5CB8A729D6E00100DD9C3B /* Build configuration list for PBXProject "ParkingSide" */;
			compatibilityVersion = "Xcode 13.0";
			developmentRegion = en;
			hasScannedForEncodings = 0;
			knownRegions = (
				en,
				Base,
			);
			mainGroup = 7A5CB8A329D6E00100DD9C3B;
			productRefGroup = 7A5CB8AD29D6E00100DD9C3B /* Products */;
			projectDirPath = "";
			projectRoot = "";
			targets = (
				7A5CB8AB29D6E00100DD9C3B /* ParkingSide */,
				7A86BFED29D7315E0025ACCD /* ParkingSideWidgetExtension */,
			);
		};
/* End PBXProject section */

/* Begin PBXResourcesBuildPhase section */
		7A5CB8AA29D6E00100DD9C3B /* Resources */ = {
			isa = PBXResourcesBuildPhase;
			buildActionMask = 2147483647;
			files = (
				7A5CB8B729D6E00400DD9C3B /* Preview Assets.xcassets in Resources */,
				7A5CB8B429D6E00400DD9C3B /* Assets.xcassets in Resources */,
			);
			runOnlyForDeploymentPostprocessing = 0;
		};
		7A86BFEC29D7315E0025ACCD /* Resources */ = {
			isa = PBXResourcesBuildPhase;
			buildActionMask = 2147483647;
			files = (
				7A86BFF929D731600025ACCD /* Assets.xcassets in Resources */,
			);
			runOnlyForDeploymentPostprocessing = 0;
		};
/* End PBXResourcesBuildPhase section */

/* Begin PBXSourcesBuildPhase section */
		7A5CB8A829D6E00100DD9C3B /* Sources */ = {
			isa = PBXSourcesBuildPhase;
			buildActionMask = 2147483647;
			files = (
				7A86BFFC29D731600025ACCD /* ParkingSideWidget.intentdefinition in Sources */,
				7A5CB8B229D6E00100DD9C3B /* ContentView.swift in Sources */,
				7A5CB8B029D6E00100DD9C3B /* ParkingSideApp.swift in Sources */,
			);
			runOnlyForDeploymentPostprocessing = 0;
		};
		7A86BFEA29D7315E0025ACCD /* Sources */ = {
			isa = PBXSourcesBuildPhase;
			buildActionMask = 2147483647;
			files = (
				7A86BFFB29D731600025ACCD /* ParkingSideWidget.intentdefinition in Sources */,
				7A86BFF629D7315E0025ACCD /* ParkingSideWidget.swift in Sources */,
			);
			runOnlyForDeploymentPostprocessing = 0;
		};
/* End PBXSourcesBuildPhase section */

/* Begin PBXTargetDependency section */
		7A86BFFE29D731600025ACCD /* PBXTargetDependency */ = {
			isa = PBXTargetDependency;
			target = 7A86BFED29D7315E0025ACCD /* ParkingSideWidgetExtension */;
			targetProxy = 7A86BFFD29D731600025ACCD /* PBXContainerItemProxy */;
		};
/* End PBXTargetDependency section */

/* Begin XCBuildConfiguration section */
		7A5CB8B829D6E00400DD9C3B /* Debug */ = {
			isa = XCBuildConfiguration;
			buildSettings = {
				ALWAYS_SEARCH_USER_PATHS = NO;
				CLANG_ANALYZER_NONNULL = YES;
				CLANG_ANALYZER_NUMBER_OBJECT_CONVERSION = YES_AGGRESSIVE;
				CLANG_CXX_LANGUAGE_STANDARD = "gnu++17";
				CLANG_ENABLE_MODULES = YES;
				CLANG_ENABLE_OBJC_ARC = YES;
				CLANG_ENABLE_OBJC_WEAK = YES;
				CLANG_WARN_BLOCK_CAPTURE_AUTORELEASING = YES;
				CLANG_WARN_BOOL_CONVERSION = YES;
				CLANG_WARN_COMMA = YES;
				CLANG_WARN_CONSTANT_CONVERSION = YES;
				CLANG_WARN_DEPRECATED_OBJC_IMPLEMENTATIONS = YES;
				CLANG_WARN_DIRECT_OBJC_ISA_USAGE = YES_ERROR;
				CLANG_WARN_DOCUMENTATION_COMMENTS = YES;
				CLANG_WARN_EMPTY_BODY = YES;
				CLANG_WARN_ENUM_CONVERSION = YES;
				CLANG_WARN_INFINITE_RECURSION = YES;
				CLANG_WARN_INT_CONVERSION = YES;
				CLANG_WARN_NON_LITERAL_NULL_CONVERSION = YES;
				CLANG_WARN_OBJC_IMPLICIT_RETAIN_SELF = YES;
				CLANG_WARN_OBJC_LITERAL_CONVERSION = YES;
				CLANG_WARN_OBJC_ROOT_CLASS = YES_ERROR;
				CLANG_WARN_QUOTED_INCLUDE_IN_FRAMEWORK_HEADER = YES;
				CLANG_WARN_RANGE_LOOP_ANALYSIS = YES;
				CLANG_WARN_STRICT_PROTOTYPES = YES;
				CLANG_WARN_SUSPICIOUS_MOVE = YES;
				CLANG_WARN_UNGUARDED_AVAILABILITY = YES_AGGRESSIVE;
				CLANG_WARN_UNREACHABLE_CODE = YES;
				CLANG_WARN__DUPLICATE_METHOD_MATCH = YES;
				COPY_PHASE_STRIP = NO;
				DEBUG_INFORMATION_FORMAT = dwarf;
				ENABLE_STRICT_OBJC_MSGSEND = YES;
				ENABLE_TESTABILITY = YES;
				GCC_C_LANGUAGE_STANDARD = gnu11;
				GCC_DYNAMIC_NO_PIC = NO;
				GCC_NO_COMMON_BLOCKS = YES;
				GCC_OPTIMIZATION_LEVEL = 0;
				GCC_PREPROCESSOR_DEFINITIONS = (
					"DEBUG=1",
					"$(inherited)",
				);
				GCC_WARN_64_TO_32_BIT_CONVERSION = YES;
				GCC_WARN_ABOUT_RETURN_TYPE = YES_ERROR;
				GCC_WARN_UNDECLARED_SELECTOR = YES;
				GCC_WARN_UNINITIALIZED_AUTOS = YES_AGGRESSIVE;
				GCC_WARN_UNUSED_FUNCTION = YES;
				GCC_WARN_UNUSED_VARIABLE = YES;
				IPHONEOS_DEPLOYMENT_TARGET = 15.5;
				MTL_ENABLE_DEBUG_INFO = INCLUDE_SOURCE;
				MTL_FAST_MATH = YES;
				ONLY_ACTIVE_ARCH = YES;
				SDKROOT = iphoneos;
				SWIFT_ACTIVE_COMPILATION_CONDITIONS = DEBUG;
				SWIFT_OPTIMIZATION_LEVEL = "-Onone";
			};
			name = Debug;
		};
		7A5CB8B929D6E00400DD9C3B /* Release */ = {
			isa = XCBuildConfiguration;
			buildSettings = {
				ALWAYS_SEARCH_USER_PATHS = NO;
				CLANG_ANALYZER_NONNULL = YES;
				CLANG_ANALYZER_NUMBER_OBJECT_CONVERSION = YES_AGGRESSIVE;
				CLANG_CXX_LANGUAGE_STANDARD = "gnu++17";
				CLANG_ENABLE_MODULES = YES;
				CLANG_ENABLE_OBJC_ARC = YES;
				CLANG_ENABLE_OBJC_WEAK = YES;
				CLANG_WARN_BLOCK_CAPTURE_AUTORELEASING = YES;
				CLANG_WARN_BOOL_CONVERSION = YES;
				CLANG_WARN_COMMA = YES;
				CLANG_WARN_CONSTANT_CONVERSION = YES;
				CLANG_WARN_DEPRECATED_OBJC_IMPLEMENTATIONS = YES;
				CLANG_WARN_DIRECT_OBJC_ISA_USAGE = YES_ERROR;
				CLANG_WARN_DOCUMENTATION_COMMENTS = YES;
				CLANG_WARN_EMPTY_BODY = YES;
				CLANG_WARN_ENUM_CONVERSION = YES;
				CLANG_WARN_INFINITE_RECURSION = YES;
				CLANG_WARN_INT_CONVERSION = YES;
				CLANG_WARN_NON_LITERAL_NULL_CONVERSION = YES;
				CLANG_WARN_OBJC_IMPLICIT_RETAIN_SELF = YES;
				CLANG_WARN_OBJC_LITERAL_CONVERSION = YES;
				CLANG_WARN_OBJC_ROOT_CLASS = YES_ERROR;
				CLANG_WARN_QUOTED_INCLUDE_IN_FRAMEWORK_HEADER = YES;
				CLANG_WARN_RANGE_LOOP_ANALYSIS = YES;
				CLANG_WARN_STRICT_PROTOTYPES = YES;
				CLANG_WARN_SUSPICIOUS_MOVE = YES;
				CLANG_WARN_UNGUARDED_AVAILABILITY = YES_AGGRESSIVE;
				CLANG_WARN_UNREACHABLE_CODE = YES;
				CLANG_WARN__DUPLICATE_METHOD_MATCH = YES;
				COPY_PHASE_STRIP = NO;
				DEBUG_INFORMATION_FORMAT = "dwarf-with-dsym";
				ENABLE_NS_ASSERTIONS = NO;
				ENABLE_STRICT_OBJC_MSGSEND = YES;
				GCC_C_LANGUAGE_STANDARD = gnu11;
				GCC_NO_COMMON_BLOCKS = YES;
				GCC_WARN_64_TO_32_BIT_CONVERSION = YES;
				GCC_WARN_ABOUT_RETURN_TYPE = YES_ERROR;
				GCC_WARN_UNDECLARED_SELECTOR = YES;
				GCC_WARN_UNINITIALIZED_AUTOS = YES_AGGRESSIVE;
				GCC_WARN_UNUSED_FUNCTION = YES;
				GCC_WARN_UNUSED_VARIABLE = YES;
				IPHONEOS_DEPLOYMENT_TARGET = 15.5;
				MTL_ENABLE_DEBUG_INFO = NO;
				MTL_FAST_MATH = YES;
				SDKROOT = iphoneos;
				SWIFT_COMPILATION_MODE = wholemodule;
				SWIFT_OPTIMIZATION_LEVEL = "-O";
				VALIDATE_PRODUCT = YES;
			};
			name = Release;
		};
		7A5CB8BB29D6E00400DD9C3B /* Debug */ = {
			isa = XCBuildConfiguration;
			buildSettings = {
				ALWAYS_EMBED_SWIFT_STANDARD_LIBRARIES = YES;
				ASSETCATALOG_COMPILER_APPICON_NAME = AppIcon;
				ASSETCATALOG_COMPILER_GLOBAL_ACCENT_COLOR_NAME = AccentColor;
				CODE_SIGN_STYLE = Automatic;
				CURRENT_PROJECT_VERSION = 1;
				DEVELOPMENT_ASSET_PATHS = "\"ParkingSide/Preview Content\"";
				DEVELOPMENT_TEAM = VK3KF344KK;
				ENABLE_PREVIEWS = YES;
				GENERATE_INFOPLIST_FILE = YES;
				INFOPLIST_KEY_UIApplicationSceneManifest_Generation = YES;
				INFOPLIST_KEY_UIApplicationSupportsIndirectInputEvents = YES;
				INFOPLIST_KEY_UILaunchScreen_Generation = YES;
				INFOPLIST_KEY_UISupportedInterfaceOrientations_iPad = "UIInterfaceOrientationPortrait UIInterfaceOrientationPortraitUpsideDown UIInterfaceOrientationLandscapeLeft UIInterfaceOrientationLandscapeRight";
				INFOPLIST_KEY_UISupportedInterfaceOrientations_iPhone = "UIInterfaceOrientationPortrait UIInterfaceOrientationLandscapeLeft UIInterfaceOrientationLandscapeRight";
				LD_RUNPATH_SEARCH_PATHS = (
					"$(inherited)",
					"@executable_path/Frameworks",
				);
				MARKETING_VERSION = 1.0;
				PRODUCT_BUNDLE_IDENTIFIER = Lexankh.ParkingSide;
				PRODUCT_NAME = "$(TARGET_NAME)";
				SWIFT_EMIT_LOC_STRINGS = YES;
				SWIFT_VERSION = 5.0;
				TARGETED_DEVICE_FAMILY = "1,2";
			};
			name = Debug;
		};
		7A5CB8BC29D6E00400DD9C3B /* Release */ = {
			isa = XCBuildConfiguration;
			buildSettings = {
				ALWAYS_EMBED_SWIFT_STANDARD_LIBRARIES = YES;
				ASSETCATALOG_COMPILER_APPICON_NAME = AppIcon;
				ASSETCATALOG_COMPILER_GLOBAL_ACCENT_COLOR_NAME = AccentColor;
				CODE_SIGN_STYLE = Automatic;
				CURRENT_PROJECT_VERSION = 1;
				DEVELOPMENT_ASSET_PATHS = "\"ParkingSide/Preview Content\"";
				DEVELOPMENT_TEAM = VK3KF344KK;
				ENABLE_PREVIEWS = YES;
				GENERATE_INFOPLIST_FILE = YES;
				INFOPLIST_KEY_UIApplicationSceneManifest_Generation = YES;
				INFOPLIST_KEY_UIApplicationSupportsIndirectInputEvents = YES;
				INFOPLIST_KEY_UILaunchScreen_Generation = YES;
				INFOPLIST_KEY_UISupportedInterfaceOrientations_iPad = "UIInterfaceOrientationPortrait UIInterfaceOrientationPortraitUpsideDown UIInterfaceOrientationLandscapeLeft UIInterfaceOrientationLandscapeRight";
				INFOPLIST_KEY_UISupportedInterfaceOrientations_iPhone = "UIInterfaceOrientationPortrait UIInterfaceOrientationLandscapeLeft UIInterfaceOrientationLandscapeRight";
				LD_RUNPATH_SEARCH_PATHS = (
					"$(inherited)",
					"@executable_path/Frameworks",
				);
				MARKETING_VERSION = 1.0;
				PRODUCT_BUNDLE_IDENTIFIER = Lexankh.ParkingSide;
				PRODUCT_NAME = "$(TARGET_NAME)";
				SWIFT_EMIT_LOC_STRINGS = YES;
				SWIFT_VERSION = 5.0;
				TARGETED_DEVICE_FAMILY = "1,2";
			};
			name = Release;
		};
		7A86C00129D731600025ACCD /* Debug */ = {
			isa = XCBuildConfiguration;
			buildSettings = {
				ASSETCATALOG_COMPILER_GLOBAL_ACCENT_COLOR_NAME = AccentColor;
				ASSETCATALOG_COMPILER_WIDGET_BACKGROUND_COLOR_NAME = WidgetBackground;
				CODE_SIGN_STYLE = Automatic;
				CURRENT_PROJECT_VERSION = 1;
				DEVELOPMENT_TEAM = VK3KF344KK;
				GENERATE_INFOPLIST_FILE = YES;
				INFOPLIST_FILE = ParkingSideWidget/Info.plist;
				INFOPLIST_KEY_CFBundleDisplayName = ParkingSideWidget;
				INFOPLIST_KEY_NSHumanReadableCopyright = "";
				LD_RUNPATH_SEARCH_PATHS = (
					"$(inherited)",
					"@executable_path/Frameworks",
					"@executable_path/../../Frameworks",
				);
				MARKETING_VERSION = 1.0;
				PRODUCT_BUNDLE_IDENTIFIER = Lexankh.ParkingSide.ParkingSideWidget;
				PRODUCT_NAME = "$(TARGET_NAME)";
				SKIP_INSTALL = YES;
				SWIFT_EMIT_LOC_STRINGS = YES;
				SWIFT_VERSION = 5.0;
				TARGETED_DEVICE_FAMILY = "1,2";
			};
			name = Debug;
		};
		7A86C00229D731600025ACCD /* Release */ = {
			isa = XCBuildConfiguration;
			buildSettings = {
				ASSETCATALOG_COMPILER_GLOBAL_ACCENT_COLOR_NAME = AccentColor;
				ASSETCATALOG_COMPILER_WIDGET_BACKGROUND_COLOR_NAME = WidgetBackground;
				CODE_SIGN_STYLE = Automatic;
				CURRENT_PROJECT_VERSION = 1;
				DEVELOPMENT_TEAM = VK3KF344KK;
				GENERATE_INFOPLIST_FILE = YES;
				INFOPLIST_FILE = ParkingSideWidget/Info.plist;
				INFOPLIST_KEY_CFBundleDisplayName = ParkingSideWidget;
				INFOPLIST_KEY_NSHumanReadableCopyright = "";
				LD_RUNPATH_SEARCH_PATHS = (
					"$(inherited)",
					"@executable_path/Frameworks",
					"@executable_path/../../Frameworks",
				);
				MARKETING_VERSION = 1.0;
				PRODUCT_BUNDLE_IDENTIFIER = Lexankh.ParkingSide.ParkingSideWidget;
				PRODUCT_NAME = "$(TARGET_NAME)";
				SKIP_INSTALL = YES;
				SWIFT_EMIT_LOC_STRINGS = YES;
				SWIFT_VERSION = 5.0;
				TARGETED_DEVICE_FAMILY = "1,2";
			};
			name = Release;
		};
/* End XCBuildConfiguration section */

/* Begin XCConfigurationList section */
		7A5CB8A729D6E00100DD9C3B /* Build configuration list for PBXProject "ParkingSide" */ = {
			isa = XCConfigurationList;
			buildConfigurations = (
				7A5CB8B829D6E00400DD9C3B /* Debug */,
				7A5CB8B929D6E00400DD9C3B /* Release */,
			);
			defaultConfigurationIsVisible = 0;
			defaultConfigurationName = Release;
		};
		7A5CB8BA29D6E00400DD9C3B /* Build configuration list for PBXNativeTarget "ParkingSide" */ = {
			isa = XCConfigurationList;
			buildConfigurations = (
				7A5CB8BB29D6E00400DD9C3B /* Debug */,
				7A5CB8BC29D6E00400DD9C3B /* Release */,
			);
			defaultConfigurationIsVisible = 0;
			defaultConfigurationName = Release;
		};
		7A86C00029D731600025ACCD /* Build configuration list for PBXNativeTarget "ParkingSideWidgetExtension" */ = {
			isa = XCConfigurationList;
			buildConfigurations = (
				7A86C00129D731600025ACCD /* Debug */,
				7A86C00229D731600025ACCD /* Release */,
			);
			defaultConfigurationIsVisible = 0;
			defaultConfigurationName = Release;
		};
/* End XCConfigurationList section */
	};
	rootObject = 7A5CB8A429D6E00100DD9C3B /* Project object */;
}
